
Microsoft Visual Studio Solution File, Format Version 12.00
# Visual Studio 15
VisualStudioVersion = 15.0.27428.2037
MinimumVisualStudioVersion = 10.0.40219.1
Project("{FAE04EC0-301F-11D3-BF4B-00C04F79EFBC}") = "FinalConsoleApp", "FinalConsoleApp\FinalConsoleApp.csproj", "{7F382E9A-3714-468B-A970-C78C9A85A703}"
EndProject
Global
	GlobalSection(SolutionConfigurationPlatforms) = preSolution
		Debug|Any CPU = Debug|Any CPU
		Release|Any CPU = Release|Any CPU
	EndGlobalSection
	GlobalSection(ProjectConfigurationPlatforms) = postSolution
		{7F382E9A-3714-468B-A970-C78C9A85A703}.Debug|Any CPU.ActiveCfg = Debug|Any CPU
		{7F382E9A-3714-468B-A970-C78C9A85A703}.Debug|Any CPU.Build.0 = Debug|Any CPU
		{7F382E9A-3714-468B-A970-C78C9A85A703}.Release|Any CPU.ActiveCfg = Release|Any CPU
		{7F382E9A-3714-468B-A970-C78C9A85A703}.Release|Any CPU.Build.0 = Release|Any CPU
	EndGlobalSection
	GlobalSection(SolutionProperties) = preSolution
		HideSolutionNode = FALSE
	EndGlobalSection
	GlobalSection(ExtensibilityGlobals) = postSolution
		SolutionGuid = {592E6AA2-51B4-4AFA-9BF4-525AB76AE399}
	EndGlobalSection
EndGlobal
